
Microsoft Visual Studio Solution File, Format Version 12.00
# Visual Studio Version 17
VisualStudioVersion = 17.14.37216.2 d17.14
MinimumVisualStudioVersion = 10.0.40219.1
Project("{FAE04EC0-301F-11D3-BF4B-00C04F79EFBC}") = "EventManager", "EventManager\EventManager.csproj", "{7ADC8AA7-A992-4281-B4DE-CF70F253F8E7}"
EndProject
Global
	GlobalSection(SolutionConfigurationPlatforms) = preSolution
		Debug|Any CPU = Debug|Any CPU
		Release|Any CPU = Release|Any CPU
	EndGlobalSection
	GlobalSection(ProjectConfigurationPlatforms) = postSolution
		{7ADC8AA7-A992-4281-B4DE-CF70F253F8E7}.Debug|Any CPU.ActiveCfg = Debug|Any CPU
		{7ADC8AA7-A992-4281-B4DE-CF70F253F8E7}.Debug|Any CPU.Build.0 = Debug|Any CPU
		{7ADC8AA7-A992-4281-B4DE-CF70F253F8E7}.Release|Any CPU.ActiveCfg = Release|Any CPU
		{7ADC8AA7-A992-4281-B4DE-CF70F253F8E7}.Release|Any CPU.Build.0 = Release|Any CPU
	EndGlobalSection
	GlobalSection(SolutionProperties) = preSolution
		HideSolutionNode = FALSE
	EndGlobalSection
	GlobalSection(ExtensibilityGlobals) = postSolution
		SolutionGuid = {AB33BF37-C7D4-4B33-BD9D-5707019ED4BA}
	EndGlobalSection
EndGlobal
